github.com/nunocoracao/blowfish/v2 v2.27.2 h1:8xro0LkcKMzIz8zjah9iQKFChHrLQmDhXZFGOiT6LD4=
github.com/nunocoracao/blowfish/v2 v2.27.2/go.mod h1:4SkMc+Ht8gpQCwArqiHMBDP3soxi2OWuAhVney+cuyk=
github.com/nunocoracao/blowfish/v2 v2.31.3 h1:LJiiypMHW8pJ4tnO38rFrViVqEVQL+HZ7EC6jNtvGFE=
github.com/nunocoracao/blowfish/v2 v2.31.3/go.mod h1:4SkMc+Ht8gpQCwArqiHMBDP3soxi2OWuAhVney+cuyk=
github.com/nunocoracao/blowfish/v2 v2.38.3 h1:vQnBVrXR1KHouiCteBhDR6tXqv1g1cJBuXj3XeXZXRM=
github.com/nunocoracao/blowfish/v2 v2.38.3/go.mod h1:4SkMc+Ht8gpQCwArqiHMBDP3soxi2OWuAhVney+cuyk=
github.com/nunocoracao/blowfish/v2 v2.40.1 h1:uYSq9NGLA/iV/6t6AAijx9KQbqRjLAdkQxSMmWurJkw=
github.com/nunocoracao/blowfish/v2 v2.40.1/go.mod h1:4SkMc+Ht8gpQCwArqiHMBDP3soxi2OWuAhVney+cuyk=
github.com/nunocoracao/blowfish/v2 v2.63.0 h1:GWhA6mMRlSRuBfK8nOn5vVfewGx+tsOwhz7qXWXz41w=
github.com/nunocoracao/blowfish/v2 v2.63.0/go.mod h1:4SkMc+Ht8gpQCwArqiHMBDP3soxi2OWuAhVney+cuyk=
